
Microsoft Visual Studio Solution File, Format Version 12.00
# Visual Studio Version 16
VisualStudioVersion = 16.0.31727.386
MinimumVisualStudioVersion = 10.0.40219.1
Project("{9A19103F-16F7-4668-BE54-9A1E7A4F7556}") = "MircroserviceStudent", "MircroserviceStudent\MircroserviceStudent.csproj", "{2A1CB916-E04B-46E0-9A31-52F832C2E5BA}"
EndProject
Project("{9A19103F-16F7-4668-BE54-9A1E7A4F7556}") = "Interfaces", "Interfaces\Interfaces.csproj", "{9C30D6F6-F276-41D7-A184-3A0E48A51ACA}"
EndProject
Project("{9A19103F-16F7-4668-BE54-9A1E7A4F7556}") = "MicroserviceCourse", "MicroserviceCourse\MicroserviceCourse.csproj", "{AF81B474-148F-4B76-84AE-C004DEFD3F33}"
EndProject
Project("{FAE04EC0-301F-11D3-BF4B-00C04F79EFBC}") = "MircroserviceСompositeSC", "MircroserviceСompositeSC\MircroserviceСompositeSC.csproj", "{28C74374-29AE-4FC3-9551-501912B38ACB}"
EndProject
Global
	GlobalSection(SolutionConfigurationPlatforms) = preSolution
		Debug|Any CPU = Debug|Any CPU
		Release|Any CPU = Release|Any CPU
	EndGlobalSection
	GlobalSection(ProjectConfigurationPlatforms) = postSolution
		{2A1CB916-E04B-46E0-9A31-52F832C2E5BA}.Debug|Any CPU.ActiveCfg = Debug|Any CPU
		{2A1CB916-E04B-46E0-9A31-52F832C2E5BA}.Debug|Any CPU.Build.0 = Debug|Any CPU
		{2A1CB916-E04B-46E0-9A31-52F832C2E5BA}.Release|Any CPU.ActiveCfg = Release|Any CPU
		{2A1CB916-E04B-46E0-9A31-52F832C2E5BA}.Release|Any CPU.Build.0 = Release|Any CPU
		{9C30D6F6-F276-41D7-A184-3A0E48A51ACA}.Debug|Any CPU.ActiveCfg = Debug|Any CPU
		{9C30D6F6-F276-41D7-A184-3A0E48A51ACA}.Debug|Any CPU.Build.0 = Debug|Any CPU
		{9C30D6F6-F276-41D7-A184-3A0E48A51ACA}.Release|Any CPU.ActiveCfg = Release|Any CPU
		{9C30D6F6-F276-41D7-A184-3A0E48A51ACA}.Release|Any CPU.Build.0 = Release|Any CPU
		{AF81B474-148F-4B76-84AE-C004DEFD3F33}.Debug|Any CPU.ActiveCfg = Debug|Any CPU
		{AF81B474-148F-4B76-84AE-C004DEFD3F33}.Debug|Any CPU.Build.0 = Debug|Any CPU
		{AF81B474-148F-4B76-84AE-C004DEFD3F33}.Release|Any CPU.ActiveCfg = Release|Any CPU
		{AF81B474-148F-4B76-84AE-C004DEFD3F33}.Release|Any CPU.Build.0 = Release|Any CPU
		{28C74374-29AE-4FC3-9551-501912B38ACB}.Debug|Any CPU.ActiveCfg = Debug|Any CPU
		{28C74374-29AE-4FC3-9551-501912B38ACB}.Debug|Any CPU.Build.0 = Debug|Any CPU
		{28C74374-29AE-4FC3-9551-501912B38ACB}.Release|Any CPU.ActiveCfg = Release|Any CPU
		{28C74374-29AE-4FC3-9551-501912B38ACB}.Release|Any CPU.Build.0 = Release|Any CPU
	EndGlobalSection
	GlobalSection(SolutionProperties) = preSolution
		HideSolutionNode = FALSE
	EndGlobalSection
	GlobalSection(ExtensibilityGlobals) = postSolution
		SolutionGuid = {F0A5041B-4348-437D-BB7C-300FB4DE28CE}
	EndGlobalSection
EndGlobal
